// !$*UTF8*$!
{
	archiveVersion = 1;
	classes = {
	};
	objectVersion = 46;
	objects = {

/* Begin PBXBuildFile section */
		810C14701E90237C001AA68E /* AppDelegate.swift in Sources */ = {isa = PBXBuildFile; fileRef = 810C146F1E90237C001AA68E /* AppDelegate.swift */; };
		810C14721E90237C001AA68E /* ViewController.swift in Sources */ = {isa = PBXBuildFile; fileRef = 810C14711E90237C001AA68E /* ViewController.swift */; };
		810C14751E90237C001AA68E /* Main.storyboard in Resources */ = {isa = PBXBuildFile; fileRef = 810C14731E90237C001AA68E /* Main.storyboard */; };
		810C14781E90237C001AA68E /* Dream_Lister.xcdatamodeld in Sources */ = {isa = PBXBuildFile; fileRef = 810C14761E90237C001AA68E /* Dream_Lister.xcdatamodeld */; };
		810C147A1E90237C001AA68E /* Assets.xcassets in Resources */ = {isa = PBXBuildFile; fileRef = 810C14791E90237C001AA68E /* Assets.xcassets */; };
		810C147D1E90237C001AA68E /* LaunchScreen.storyboard in Resources */ = {isa = PBXBuildFile; fileRef = 810C147B1E90237C001AA68E /* LaunchScreen.storyboard */; };
/* End PBXBuildFile section */

/* Begin PBXFileReference section */
		810C146C1E90237C001AA68E /* Dream Lister.app */ = {isa = PBXFileReference; explicitFileType = wrapper.application; includeInIndex = 0; path = "Dream Lister.app"; sourceTree = BUILT_PRODUCTS_DIR; };
		810C146F1E90237C001AA68E /* AppDelegate.swift */ = {isa = PBXFileReference; lastKnownFileType = sourcecode.swift; path = AppDelegate.swift; sourceTree = "<group>"; };
		810C14711E90237C001AA68E /* ViewController.swift */ = {isa = PBXFileReference; lastKnownFileType = sourcecode.swift; path = ViewController.swift; sourceTree = "<group>"; };
		810C14741E90237C001AA68E /* Base */ = {isa = PBXFileReference; lastKnownFileType = file.storyboard; name = Base; path = Base.lproj/Main.storyboard; sourceTree = "<group>"; };
		810C14771E90237C001AA68E /* Dream_Lister.xcdatamodel */ = {isa = PBXFileReference; lastKnownFileType = wrapper.xcdatamodel; path = Dream_Lister.xcdatamodel; sourceTree = "<group>"; };
		810C14791E90237C001AA68E /* Assets.xcassets */ = {isa = PBXFileReference; lastKnownFileType = folder.assetcatalog; path = Assets.xcassets; sourceTree = "<group>"; };
		810C147C1E90237C001AA68E /* Base */ = {isa = PBXFileReference; lastKnownFileType = file.storyboard; name = Base; path = Base.lproj/LaunchScreen.storyboard; sourceTree = "<group>"; };
		810C147E1E90237C001AA68E /* Info.plist */ = {isa = PBXFileReference; lastKnownFileType = text.plist.xml; path = Info.plist; sourceTree = "<group>"; };
/* End PBXFileReference section */

/* Begin PBXFrameworksBuildPhase section */
		810C14691E90237C001AA68E /* Frameworks */ = {
			isa = PBXFrameworksBuildPhase;
			buildActionMask = 2147483647;
			files = (
			);
			runOnlyForDeploymentPostprocessing = 0;
		};
/* End PBXFrameworksBuildPhase section */

/* Begin PBXGroup section */
		810C14631E90237C001AA68E = {
			isa = PBXGroup;
			children = (
				810C146E1E90237C001AA68E /* Dream Lister */,
				810C146D1E90237C001AA68E /* Products */,
			);
			sourceTree = "<group>";
		};
		810C146D1E90237C001AA68E /* Products */ = {
			isa = PBXGroup;
			children = (
				810C146C1E90237C001AA68E /* Dream Lister.app */,
			);
			name = Products;
			sourceTree = "<group>";
		};
		810C146E1E90237C001AA68E /* Dream Lister */ = {
			isa = PBXGroup;
			children = (
				810C146F1E90237C001AA68E /* AppDelegate.swift */,
				810C14711E90237C001AA68E /* ViewController.swift */,
				810C14731E90237C001AA68E /* Main.storyboard */,
				810C14791E90237C001AA68E /* Assets.xcassets */,
				810C147B1E90237C001AA68E /* LaunchScreen.storyboard */,
				810C147E1E90237C001AA68E /* Info.plist */,
				810C14761E90237C001AA68E /* Dream_Lister.xcdatamodeld */,
			);
			path = "Dream Lister";
			sourceTree = "<group>";
		};
/* End PBXGroup section */

/* Begin PBXNativeTarget section */
		810C146B1E90237C001AA68E /* Dream Lister */ = {
			isa = PBXNativeTarget;
			buildConfigurationList = 810C14811E90237C001AA68E /* Build configuration list for PBXNativeTarget "Dream Lister" */;
			buildPhases = (
				810C14681E90237C001AA68E /* Sources */,
				810C14691E90237C001AA68E /* Frameworks */,
				810C146A1E90237C001AA68E /* Resources */,
			);
			buildRules = (
			);
			dependencies = (
			);
			name = "Dream Lister";
			productName = "Dream Lister";
			productReference = 810C146C1E90237C001AA68E /* Dream Lister.app */;
			productType = "com.apple.product-type.application";
		};
/* End PBXNativeTarget section */

/* Begin PBXProject section */
		810C14641E90237C001AA68E /* Project object */ = {
			isa = PBXProject;
			attributes = {
				LastSwiftUpdateCheck = 0820;
				LastUpgradeCheck = 0820;
				ORGANIZATIONNAME = eliamyro;
				TargetAttributes = {
					810C146B1E90237C001AA68E = {
						CreatedOnToolsVersion = 8.2.1;
						ProvisioningStyle = Automatic;
					};
				};
			};
			buildConfigurationList = 810C14671E90237C001AA68E /* Build configuration list for PBXProject "Dream Lister" */;
			compatibilityVersion = "Xcode 3.2";
			developmentRegion = English;
			hasScannedForEncodings = 0;
			knownRegions = (
				en,
				Base,
			);
			mainGroup = 810C14631E90237C001AA68E;
			productRefGroup = 810C146D1E90237C001AA68E /* Products */;
			projectDirPath = "";
			projectRoot = "";
			targets = (
				810C146B1E90237C001AA68E /* Dream Lister */,
			);
		};
/* End PBXProject section */

/* Begin PBXResourcesBuildPhase section */
		810C146A1E90237C001AA68E /* Resources */ = {
			isa = PBXResourcesBuildPhase;
			buildActionMask = 2147483647;
			files = (
				810C147D1E90237C001AA68E /* LaunchScreen.storyboard in Resources */,
				810C147A1E90237C001AA68E /* Assets.xcassets in Resources */,
				810C14751E90237C001AA68E /* Main.storyboard in Resources */,
			);
			runOnlyForDeploymentPostprocessing = 0;
		};
/* End PBXResourcesBuildPhase section */

/* Begin PBXSourcesBuildPhase section */
		810C14681E90237C001AA68E /* Sources */ = {
			isa = PBXSourcesBuildPhase;
			buildActionMask = 2147483647;
			files = (
				810C14721E90237C001AA68E /* ViewController.swift in Sources */,
				810C14701E90237C001AA68E /* AppDelegate.swift in Sources */,
				810C14781E90237C001AA68E /* Dream_Lister.xcdatamodeld in Sources */,
			);
			runOnlyForDeploymentPostprocessing = 0;
		};
/* End PBXSourcesBuildPhase section */

/* Begin PBXVariantGroup section */
		810C14731E90237C001AA68E /* Main.storyboard */ = {
			isa = PBXVariantGroup;
			children = (
				810C14741E90237C001AA68E /* Base */,
			);
			name = Main.storyboard;
			sourceTree = "<group>";
		};
		810C147B1E90237C001AA68E /* LaunchScreen.storyboard */ = {
			isa = PBXVariantGroup;
			children = (
				810C147C1E90237C001AA68E /* Base */,
			);
			name = LaunchScreen.storyboard;
			sourceTree = "<group>";
		};
/* End PBXVariantGroup section */

/* Begin XCBuildConfiguration section */
		810C147F1E90237C001AA68E /* Debug */ = {
			isa = XCBuildConfiguration;
			buildSettings = {
				ALWAYS_SEARCH_USER_PATHS = NO;
				CLANG_ANALYZER_NONNULL = YES;
				CLANG_CXX_LANGUAGE_STANDARD = "gnu++0x";
				CLANG_CXX_LIBRARY = "libc++";
				CLANG_ENABLE_MODULES = YES;
				CLANG_ENABLE_OBJC_ARC = YES;
				CLANG_WARN_BOOL_CONVERSION = YES;
				CLANG_WARN_CONSTANT_CONVERSION = YES;
				CLANG_WARN_DIRECT_OBJC_ISA_USAGE = YES_ERROR;
				CLANG_WARN_DOCUMENTATION_COMMENTS = YES;
				CLANG_WARN_EMPTY_BODY = YES;
				CLANG_WARN_ENUM_CONVERSION = YES;
				CLANG_WARN_INFINITE_RECURSION = YES;
				CLANG_WARN_INT_CONVERSION = YES;
				CLANG_WARN_OBJC_ROOT_CLASS = YES_ERROR;
				CLANG_WARN_SUSPICIOUS_MOVE = YES;
				CLANG_WARN_UNREACHABLE_CODE = YES;
				CLANG_WARN__DUPLICATE_METHOD_MATCH = YES;
				"CODE_SIGN_IDENTITY[sdk=iphoneos*]" = "iPhone Developer";
				COPY_PHASE_STRIP = NO;
				DEBUG_INFORMATION_FORMAT = dwarf;
				ENABLE_STRICT_OBJC_MSGSEND = YES;
				ENABLE_TESTABILITY = YES;
				GCC_C_LANGUAGE_STANDARD = gnu99;
				GCC_DYNAMIC_NO_PIC = NO;
				GCC_NO_COMMON_BLOCKS = YES;
				GCC_OPTIMIZATION_LEVEL = 0;
				GCC_PREPROCESSOR_DEFINITIONS = (
					"DEBUG=1",
					"$(inherited)",
				);
				GCC_WARN_64_TO_32_BIT_CONVERSION = YES;
				GCC_WARN_ABOUT_RETURN_TYPE = YES_ERROR;
				GCC_WARN_UNDECLARED_SELECTOR = YES;
				GCC_WARN_UNINITIALIZED_AUTOS = YES_AGGRESSIVE;
				GCC_WARN_UNUSED_FUNCTION = YES;
				GCC_WARN_UNUSED_VARIABLE = YES;
				IPHONEOS_DEPLOYMENT_TARGET = 10.2;
				MTL_ENABLE_DEBUG_INFO = YES;
				ONLY_ACTIVE_ARCH = YES;
				SDKROOT = iphoneos;
				SWIFT_ACTIVE_COMPILATION_CONDITIONS = DEBUG;
				SWIFT_OPTIMIZATION_LEVEL = "-Onone";
				TARGETED_DEVICE_FAMILY = "1,2";
			};
			name = Debug;
		};
		810C14801E90237C001AA68E /* Release */ = {
			isa = XCBuildConfiguration;
			buildSettings = {
				ALWAYS_SEARCH_USER_PATHS = NO;
				CLANG_ANALYZER_NONNULL = YES;
				CLANG_CXX_LANGUAGE_STANDARD = "gnu++0x";
				CLANG_CXX_LIBRARY = "libc++";
				CLANG_ENABLE_MODULES = YES;
				CLANG_ENABLE_OBJC_ARC = YES;
				CLANG_WARN_BOOL_CONVERSION = YES;
				CLANG_WARN_CONSTANT_CONVERSION = YES;
				CLANG_WARN_DIRECT_OBJC_ISA_USAGE = YES_ERROR;
				CLANG_WARN_DOCUMENTATION_COMMENTS = YES;
				CLANG_WARN_EMPTY_BODY = YES;
				CLANG_WARN_ENUM_CONVERSION = YES;
				CLANG_WARN_INFINITE_RECURSION = YES;
				CLANG_WARN_INT_CONVERSION = YES;
				CLANG_WARN_OBJC_ROOT_CLASS = YES_ERROR;
				CLANG_WARN_SUSPICIOUS_MOVE = YES;
				CLANG_WARN_UNREACHABLE_CODE = YES;
				CLANG_WARN__DUPLICATE_METHOD_MATCH = YES;
				"CODE_SIGN_IDENTITY[sdk=iphoneos*]" = "iPhone Developer";
				COPY_PHASE_STRIP = NO;
				DEBUG_INFORMATION_FORMAT = "dwarf-with-dsym";
				ENABLE_NS_ASSERTIONS = NO;
				ENABLE_STRICT_OBJC_MSGSEND = YES;
				GCC_C_LANGUAGE_STANDARD = gnu99;
				GCC_NO_COMMON_BLOCKS = YES;
				GCC_WARN_64_TO_32_BIT_CONVERSION = YES;
				GCC_WARN_ABOUT_RETURN_TYPE = YES_ERROR;
				GCC_WARN_UNDECLARED_SELECTOR = YES;
				GCC_WARN_UNINITIALIZED_AUTOS = YES_AGGRESSIVE;
				GCC_WARN_UNUSED_FUNCTION = YES;
				GCC_WARN_UNUSED_VARIABLE = YES;
				IPHONEOS_DEPLOYMENT_TARGET = 10.2;
				MTL_ENABLE_DEBUG_INFO = NO;
				SDKROOT = iphoneos;
				SWIFT_OPTIMIZATION_LEVEL = "-Owholemodule";
				TARGETED_DEVICE_FAMILY = "1,2";
				VALIDATE_PRODUCT = YES;
			};
			name = Release;
		};
		810C14821E90237C001AA68E /* Debug */ = {
			isa = XCBuildConfiguration;
			buildSettings = {
				ASSETCATALOG_COMPILER_APPICON_NAME = AppIcon;
				INFOPLIST_FILE = "Dream Lister/Info.plist";
				LD_RUNPATH_SEARCH_PATHS = "$(inherited) @executable_path/Frameworks";
				PRODUCT_BUNDLE_IDENTIFIER = "com.eliamyro.Dream-Lister";
				PRODUCT_NAME = "$(TARGET_NAME)";
				SWIFT_VERSION = 3.0;
			};
			name = Debug;
		};
		810C14831E90237C001AA68E /* Release */ = {
			isa = XCBuildConfiguration;
			buildSettings = {
				ASSETCATALOG_COMPILER_APPICON_NAME = AppIcon;
				INFOPLIST_FILE = "Dream Lister/Info.plist";
				LD_RUNPATH_SEARCH_PATHS = "$(inherited) @executable_path/Frameworks";
				PRODUCT_BUNDLE_IDENTIFIER = "com.eliamyro.Dream-Lister";
				PRODUCT_NAME = "$(TARGET_NAME)";
				SWIFT_VERSION = 3.0;
			};
			name = Release;
		};
/* End XCBuildConfiguration section */

/* Begin XCConfigurationList section */
		810C14671E90237C001AA68E /* Build configuration list for PBXProject "Dream Lister" */ = {
			isa = XCConfigurationList;
			buildConfigurations = (
				810C147F1E90237C001AA68E /* Debug */,
				810C14801E90237C001AA68E /* Release */,
			);
			defaultConfigurationIsVisible = 0;
			defaultConfigurationName = Release;
		};
		810C14811E90237C001AA68E /* Build configuration list for PBXNativeTarget "Dream Lister" */ = {
			isa = XCConfigurationList;
			buildConfigurations = (
				810C14821E90237C001AA68E /* Debug */,
				810C14831E90237C001AA68E /* Release */,
			);
			defaultConfigurationIsVisible = 0;
		};
/* End XCConfigurationList section */

/* Begin XCVersionGroup section */
		810C14761E90237C001AA68E /* Dream_Lister.xcdatamodeld */ = {
			isa = XCVersionGroup;
			children = (
				810C14771E90237C001AA68E /* Dream_Lister.xcdatamodel */,
			);
			currentVersion = 810C14771E90237C001AA68E /* Dream_Lister.xcdatamodel */;
			path = Dream_Lister.xcdatamodeld;
			sourceTree = "<group>";
			versionGroupType = wrapper.xcdatamodel;
		};
/* End XCVersionGroup section */
	};
	rootObject = 810C14641E90237C001AA68E /* Project object */;
}
